
Microsoft Visual Studio Solution File, Format Version 12.00
# Visual Studio 2013
VisualStudioVersion = 12.0.31101.0
MinimumVisualStudioVersion = 10.0.40219.1
Project("{FAE04EC0-301F-11D3-BF4B-00C04F79EFBC}") = "Task1.Library", "Task1.Library\Task1.Library.csproj", "{10D6064A-AFB7-4875-B750-3B2005996403}"
EndProject
Project("{FAE04EC0-301F-11D3-BF4B-00C04F79EFBC}") = "Task1.Tests", "Task1.Tests\Task1.Tests.csproj", "{9AE56955-AEF9-46B4-9015-0E6E509A0DAF}"
EndProject
Global
	GlobalSection(SolutionConfigurationPlatforms) = preSolution
		Debug|Any CPU = Debug|Any CPU
		Release|Any CPU = Release|Any CPU
	EndGlobalSection
	GlobalSection(ProjectConfigurationPlatforms) = postSolution
		{10D6064A-AFB7-4875-B750-3B2005996403}.Debug|Any CPU.ActiveCfg = Debug|Any CPU
		{10D6064A-AFB7-4875-B750-3B2005996403}.Debug|Any CPU.Build.0 = Debug|Any CPU
		{10D6064A-AFB7-4875-B750-3B2005996403}.Release|Any CPU.ActiveCfg = Release|Any CPU
		{10D6064A-AFB7-4875-B750-3B2005996403}.Release|Any CPU.Build.0 = Release|Any CPU
		{9AE56955-AEF9-46B4-9015-0E6E509A0DAF}.Debug|Any CPU.ActiveCfg = Debug|Any CPU
		{9AE56955-AEF9-46B4-9015-0E6E509A0DAF}.Debug|Any CPU.Build.0 = Debug|Any CPU
		{9AE56955-AEF9-46B4-9015-0E6E509A0DAF}.Release|Any CPU.ActiveCfg = Release|Any CPU
		{9AE56955-AEF9-46B4-9015-0E6E509A0DAF}.Release|Any CPU.Build.0 = Release|Any CPU
	EndGlobalSection
	GlobalSection(SolutionProperties) = preSolution
		HideSolutionNode = FALSE
	EndGlobalSection
EndGlobal
